{
  "nodes": {
    "flake-utils": {
      "inputs": {
        "systems": "systems"
      },
      "locked": {
        "lastModified": 1731533236,
        "narHash": "sha256-l0KFg5HjrsfsO/JpG+r7fRrqm12kzFHyUHqHCVpMMbI=",
        "owner": "numtide",
        "repo": "flake-utils",
        "rev": "11707dc2f618dd54ca8739b309ec4fc024de578b",
        "type": "github"
      },
      "original": {
        "owner": "numtide",
        "repo": "flake-utils",
        "type": "github"
      }
    },
    "nixpkgs": {
      "locked": {
        "lastModified": 1766840161,
        "narHash": "sha256-Ss/LHpJJsng8vz1Pe33RSGIWUOcqM1fjrehjUkdrWio=",
        "owner": "NixOS",
        "repo": "nixpkgs",
        "rev": "3edc4a30ed3903fdf6f90c837f961fa6b49582d1",
        "type": "github"
      },
      "original": {
        "owner": "NixOS",
        "ref": "nixpkgs-unstable",
        "repo": "nixpkgs",
        "type": "github"
      }
    },
    "ppad-base16": {
      "inputs": {
        "flake-utils": [
          "ppad-base16",
          "ppad-nixpkgs",
          "flake-utils"
        ],
        "nixpkgs": [
          "ppad-base16",
          "ppad-nixpkgs",
          "nixpkgs"
        ],
        "ppad-nixpkgs": [
          "ppad-nixpkgs"
        ]
      },
      "locked": {
        "lastModified": 1778943993,
        "narHash": "sha256-8eZyChH7WDgMTj804Ht4VFvS+WER9pPtlwYZgWlO60Q=",
        "ref": "master",
        "rev": "480f24d852e100bb87cd69f2eda531bdb1306495",
        "revCount": 37,
        "type": "git",
        "url": "git://git.ppad.tech/base16.git"
      },
      "original": {
        "ref": "master",
        "type": "git",
        "url": "git://git.ppad.tech/base16.git"
      }
    },
    "ppad-base16_2": {
      "inputs": {
        "flake-utils": [
          "ppad-sha256",
          "ppad-base16",
          "ppad-nixpkgs",
          "flake-utils"
        ],
        "nixpkgs": [
          "ppad-sha256",
          "ppad-base16",
          "ppad-nixpkgs",
          "nixpkgs"
        ],
        "ppad-nixpkgs": [
          "ppad-sha256",
          "ppad-nixpkgs"
        ]
      },
      "locked": {
        "lastModified": 1766934151,
        "narHash": "sha256-BUFpuLfrGXE2xi3Wa9TYCEhhRhFp175Ghxnr0JRbG2I=",
        "ref": "master",
        "rev": "58dfb7922401a60d5de76825fcd5f6ecbcd7afe0",
        "revCount": 26,
        "type": "git",
        "url": "git://git.ppad.tech/base16.git"
      },
      "original": {
        "ref": "master",
        "type": "git",
        "url": "git://git.ppad.tech/base16.git"
      }
    },
    "ppad-nixpkgs": {
      "inputs": {
        "flake-utils": "flake-utils",
        "nixpkgs": "nixpkgs"
      },
      "locked": {
        "lastModified": 1766932084,
        "narHash": "sha256-GvVsbTfW+B7IQ9K/QP2xcXJAm1lhBin1jYZWNjOzT+o=",
        "ref": "master",
        "rev": "353e61763b959b960a55321a85423501e3e9ed7a",
        "revCount": 2,
        "type": "git",
        "url": "git://git.ppad.tech/nixpkgs.git"
      },
      "original": {
        "ref": "master",
        "type": "git",
        "url": "git://git.ppad.tech/nixpkgs.git"
      }
    },
    "ppad-sha256": {
      "inputs": {
        "flake-utils": [
          "ppad-sha256",
          "ppad-nixpkgs",
          "flake-utils"
        ],
        "nixpkgs": [
          "ppad-sha256",
          "ppad-nixpkgs",
          "nixpkgs"
        ],
        "ppad-base16": "ppad-base16_2",
        "ppad-nixpkgs": [
          "ppad-nixpkgs"
        ]
      },
      "locked": {
        "lastModified": 1768121850,
        "narHash": "sha256-RxgAI88nZi4o4xYj1v+GC0X5E9adae12dDSmv/GFu2Y=",
        "ref": "master",
        "rev": "916595b21319ca270ce8beb9c742bf7e632cccc9",
        "revCount": 118,
        "type": "git",
        "url": "git://git.ppad.tech/sha256.git"
      },
      "original": {
        "ref": "master",
        "type": "git",
        "url": "git://git.ppad.tech/sha256.git"
      }
    },
    "root": {
      "inputs": {
        "flake-utils": [
          "ppad-nixpkgs",
          "flake-utils"
        ],
        "nixpkgs": [
          "ppad-nixpkgs",
          "nixpkgs"
        ],
        "ppad-base16": "ppad-base16",
        "ppad-nixpkgs": "ppad-nixpkgs",
        "ppad-sha256": "ppad-sha256"
      }
    },
    "systems": {
      "locked": {
        "lastModified": 1681028828,
        "narHash": "sha256-Vy1rq5AaRuLzOxct8nz4T6wlgyUR7zLU309k9mBC768=",
        "owner": "nix-systems",
        "repo": "default",
        "rev": "da67096a3b9bf56a91d16901293e51ba5b49a27e",
        "type": "github"
      },
      "original": {
        "owner": "nix-systems",
        "repo": "default",
        "type": "github"
      }
    }
  },
  "root": "root",
  "version": 7
}
